
Microsoft Visual Studio Solution File, Format Version 12.00
# Visual Studio 15
Project("{FAE04EC0-301F-11D3-BF4B-00C04F79EFBC}") = "Unity.2D.Tilemap.Extras", "Unity.2D.Tilemap.Extras.csproj", "{423006CE-2F24-5E2E-7691-7CDFA44B1DD9}"
EndProject
Project("{FAE04EC0-301F-11D3-BF4B-00C04F79EFBC}") = "Assembly-CSharp", "Assembly-CSharp.csproj", "{EDC96B53-1F4D-007B-1106-4C5C05AD8D25}"
EndProject
Project("{FAE04EC0-301F-11D3-BF4B-00C04F79EFBC}") = "Unity.2D.Tilemap.Extras.Editor", "Unity.2D.Tilemap.Extras.Editor.csproj", "{0BBCBB1D-4A7B-156C-C13C-AF66170C4147}"
EndProject
Project("{FAE04EC0-301F-11D3-BF4B-00C04F79EFBC}") = "Assembly-CSharp-Editor-firstpass", "Assembly-CSharp-Editor-firstpass.csproj", "{99BD7541-2A36-155D-94B6-FD46A4821564}"
EndProject
Project("{FAE04EC0-301F-11D3-BF4B-00C04F79EFBC}") = "Unity.2D.Tilemap.Extras.Placeholder.EditorTests", "Unity.2D.Tilemap.Extras.Placeholder.EditorTests.csproj", "{294155CA-F69F-9B22-47C0-7B3F5FA337AE}"
EndProject
Global
	GlobalSection(SolutionConfigurationPlatforms) = preSolution
		Debug|Any CPU = Debug|Any CPU
		Release|Any CPU = Release|Any CPU
	EndGlobalSection
	GlobalSection(ProjectConfigurationPlatforms) = postSolution
		{423006CE-2F24-5E2E-7691-7CDFA44B1DD9}.Debug|Any CPU.ActiveCfg = Debug|Any CPU
		{423006CE-2F24-5E2E-7691-7CDFA44B1DD9}.Debug|Any CPU.Build.0 = Debug|Any CPU
		{423006CE-2F24-5E2E-7691-7CDFA44B1DD9}.Release|Any CPU.ActiveCfg = Release|Any CPU
		{423006CE-2F24-5E2E-7691-7CDFA44B1DD9}.Release|Any CPU.Build.0 = Release|Any CPU
		{EDC96B53-1F4D-007B-1106-4C5C05AD8D25}.Debug|Any CPU.ActiveCfg = Debug|Any CPU
		{EDC96B53-1F4D-007B-1106-4C5C05AD8D25}.Debug|Any CPU.Build.0 = Debug|Any CPU
		{EDC96B53-1F4D-007B-1106-4C5C05AD8D25}.Release|Any CPU.ActiveCfg = Release|Any CPU
		{EDC96B53-1F4D-007B-1106-4C5C05AD8D25}.Release|Any CPU.Build.0 = Release|Any CPU
		{0BBCBB1D-4A7B-156C-C13C-AF66170C4147}.Debug|Any CPU.ActiveCfg = Debug|Any CPU
		{0BBCBB1D-4A7B-156C-C13C-AF66170C4147}.Debug|Any CPU.Build.0 = Debug|Any CPU
		{0BBCBB1D-4A7B-156C-C13C-AF66170C4147}.Release|Any CPU.ActiveCfg = Release|Any CPU
		{0BBCBB1D-4A7B-156C-C13C-AF66170C4147}.Release|Any CPU.Build.0 = Release|Any CPU
		{99BD7541-2A36-155D-94B6-FD46A4821564}.Debug|Any CPU.ActiveCfg = Debug|Any CPU
		{99BD7541-2A36-155D-94B6-FD46A4821564}.Debug|Any CPU.Build.0 = Debug|Any CPU
		{99BD7541-2A36-155D-94B6-FD46A4821564}.Release|Any CPU.ActiveCfg = Release|Any CPU
		{99BD7541-2A36-155D-94B6-FD46A4821564}.Release|Any CPU.Build.0 = Release|Any CPU
		{294155CA-F69F-9B22-47C0-7B3F5FA337AE}.Debug|Any CPU.ActiveCfg = Debug|Any CPU
		{294155CA-F69F-9B22-47C0-7B3F5FA337AE}.Debug|Any CPU.Build.0 = Debug|Any CPU
		{294155CA-F69F-9B22-47C0-7B3F5FA337AE}.Release|Any CPU.ActiveCfg = Release|Any CPU
		{294155CA-F69F-9B22-47C0-7B3F5FA337AE}.Release|Any CPU.Build.0 = Release|Any CPU
	EndGlobalSection
	GlobalSection(SolutionProperties) = preSolution
		HideSolutionNode = FALSE
	EndGlobalSection
EndGlobal
